
Microsoft Visual Studio Solution File, Format Version 12.00
# Visual Studio Version 17
VisualStudioVersion = 17.0.31710.8
MinimumVisualStudioVersion = 10.0.40219.1
Project("{9A19103F-16F7-4668-BE54-9A1E7A4F7556}") = "ControlX.Agent", "ControlX.Agent\ControlX.Agent.csproj", "{5E6052AE-3876-4984-B4D5-49A59186B806}"
EndProject
Project("{9A19103F-16F7-4668-BE54-9A1E7A4F7556}") = "ControlX.Flow.Core", "ControlX.Flow\ControlX.Flow.Core.csproj", "{F96143AE-17CF-4E97-BC80-F61B80F47699}"
EndProject
Project("{9A19103F-16F7-4668-BE54-9A1E7A4F7556}") = "ControlX.Flow.Contract", "ControlX.Flow.Contract\ControlX.Flow.Contract.csproj", "{3658B1DC-0BFB-4CCC-8E86-2858DBCCDF91}"
EndProject
Project("{9A19103F-16F7-4668-BE54-9A1E7A4F7556}") = "ControlX.Utilities", "ControlX.Utilities\ControlX.Utilities.csproj", "{09E4BA14-5BE9-450C-99C0-5565B5C30767}"
EndProject
Project("{9A19103F-16F7-4668-BE54-9A1E7A4F7556}") = "ControlX.Hub", "ControlX.Hub\ControlX.Hub.csproj", "{5EC92A48-5C47-449E-B647-149F846D2B52}"
EndProject
Project("{9A19103F-16F7-4668-BE54-9A1E7A4F7556}") = "ControlX.Hub.Contract", "ControlX.Hub.Contract\ControlX.Hub.Contract.csproj", "{E82A7D56-F633-4B1E-BF57-3727D569764D}"
EndProject
Project("{9A19103F-16F7-4668-BE54-9A1E7A4F7556}") = "ControlX.CLI", "ControlX.CLI\ControlX.CLI.csproj", "{5CE22ED5-F019-4E9A-9C93-A51FDBAD2B5A}"
EndProject
Project("{FAE04EC0-301F-11D3-BF4B-00C04F79EFBC}") = "ControlX.Web", "ControlX.Web\ControlX.Web.csproj", "{FAC6ECBB-9498-47E7-A1B5-96E6E805CEF8}"
EndProject
Global
	GlobalSection(SolutionConfigurationPlatforms) = preSolution
		Debug|Any CPU = Debug|Any CPU
		Release|Any CPU = Release|Any CPU
	EndGlobalSection
	GlobalSection(ProjectConfigurationPlatforms) = postSolution
		{5E6052AE-3876-4984-B4D5-49A59186B806}.Debug|Any CPU.ActiveCfg = Debug|Any CPU
		{5E6052AE-3876-4984-B4D5-49A59186B806}.Debug|Any CPU.Build.0 = Debug|Any CPU
		{5E6052AE-3876-4984-B4D5-49A59186B806}.Release|Any CPU.ActiveCfg = Release|Any CPU
		{5E6052AE-3876-4984-B4D5-49A59186B806}.Release|Any CPU.Build.0 = Release|Any CPU
		{F96143AE-17CF-4E97-BC80-F61B80F47699}.Debug|Any CPU.ActiveCfg = Debug|Any CPU
		{F96143AE-17CF-4E97-BC80-F61B80F47699}.Debug|Any CPU.Build.0 = Debug|Any CPU
		{F96143AE-17CF-4E97-BC80-F61B80F47699}.Release|Any CPU.ActiveCfg = Release|Any CPU
		{F96143AE-17CF-4E97-BC80-F61B80F47699}.Release|Any CPU.Build.0 = Release|Any CPU
		{3658B1DC-0BFB-4CCC-8E86-2858DBCCDF91}.Debug|Any CPU.ActiveCfg = Debug|Any CPU
		{3658B1DC-0BFB-4CCC-8E86-2858DBCCDF91}.Debug|Any CPU.Build.0 = Debug|Any CPU
		{3658B1DC-0BFB-4CCC-8E86-2858DBCCDF91}.Release|Any CPU.ActiveCfg = Release|Any CPU
		{3658B1DC-0BFB-4CCC-8E86-2858DBCCDF91}.Release|Any CPU.Build.0 = Release|Any CPU
		{09E4BA14-5BE9-450C-99C0-5565B5C30767}.Debug|Any CPU.ActiveCfg = Debug|Any CPU
		{09E4BA14-5BE9-450C-99C0-5565B5C30767}.Debug|Any CPU.Build.0 = Debug|Any CPU
		{09E4BA14-5BE9-450C-99C0-5565B5C30767}.Release|Any CPU.ActiveCfg = Release|Any CPU
		{09E4BA14-5BE9-450C-99C0-5565B5C30767}.Release|Any CPU.Build.0 = Release|Any CPU
		{5EC92A48-5C47-449E-B647-149F846D2B52}.Debug|Any CPU.ActiveCfg = Debug|Any CPU
		{5EC92A48-5C47-449E-B647-149F846D2B52}.Debug|Any CPU.Build.0 = Debug|Any CPU
		{5EC92A48-5C47-449E-B647-149F846D2B52}.Release|Any CPU.ActiveCfg = Release|Any CPU
		{5EC92A48-5C47-449E-B647-149F846D2B52}.Release|Any CPU.Build.0 = Release|Any CPU
		{E82A7D56-F633-4B1E-BF57-3727D569764D}.Debug|Any CPU.ActiveCfg = Debug|Any CPU
		{E82A7D56-F633-4B1E-BF57-3727D569764D}.Debug|Any CPU.Build.0 = Debug|Any CPU
		{E82A7D56-F633-4B1E-BF57-3727D569764D}.Release|Any CPU.ActiveCfg = Release|Any CPU
		{E82A7D56-F633-4B1E-BF57-3727D569764D}.Release|Any CPU.Build.0 = Release|Any CPU
		{5CE22ED5-F019-4E9A-9C93-A51FDBAD2B5A}.Debug|Any CPU.ActiveCfg = Debug|Any CPU
		{5CE22ED5-F019-4E9A-9C93-A51FDBAD2B5A}.Debug|Any CPU.Build.0 = Debug|Any CPU
		{5CE22ED5-F019-4E9A-9C93-A51FDBAD2B5A}.Release|Any CPU.ActiveCfg = Release|Any CPU
		{5CE22ED5-F019-4E9A-9C93-A51FDBAD2B5A}.Release|Any CPU.Build.0 = Release|Any CPU
		{FAC6ECBB-9498-47E7-A1B5-96E6E805CEF8}.Debug|Any CPU.ActiveCfg = Debug|Any CPU
		{FAC6ECBB-9498-47E7-A1B5-96E6E805CEF8}.Debug|Any CPU.Build.0 = Debug|Any CPU
		{FAC6ECBB-9498-47E7-A1B5-96E6E805CEF8}.Release|Any CPU.ActiveCfg = Release|Any CPU
		{FAC6ECBB-9498-47E7-A1B5-96E6E805CEF8}.Release|Any CPU.Build.0 = Release|Any CPU
	EndGlobalSection
	GlobalSection(SolutionProperties) = preSolution
		HideSolutionNode = FALSE
	EndGlobalSection
	GlobalSection(ExtensibilityGlobals) = postSolution
		SolutionGuid = {854CEF62-97D7-44C6-917A-903B01028E39}
	EndGlobalSection
EndGlobal
